
Microsoft Visual Studio Solution File, Format Version 12.00
# Visual Studio 2013
VisualStudioVersion = 12.0.31101.0
MinimumVisualStudioVersion = 10.0.40219.1
Project("{FAE04EC0-301F-11D3-BF4B-00C04F79EFBC}") = "WCF_Rest_Service", "WCF_Rest_Service\WCF_Rest_Service.csproj", "{121F8794-3183-4A64-950E-A51B5819E8A0}"
EndProject
Project("{FAE04EC0-301F-11D3-BF4B-00C04F79EFBC}") = "CodeAvenueAngularJSApp", "CodeAvenueAngularJSApp\CodeAvenueAngularJSApp.csproj", "{70EC3800-1C7A-4D3D-9D40-3E098EC2A5A8}"
	ProjectSection(ProjectDependencies) = postProject
		{121F8794-3183-4A64-950E-A51B5819E8A0} = {121F8794-3183-4A64-950E-A51B5819E8A0}
	EndProjectSection
EndProject
Project("{FAE04EC0-301F-11D3-BF4B-00C04F79EFBC}") = "CodeAvenueAngularJSApp.Tests", "CodeAvenueAngularJSApp.Tests\CodeAvenueAngularJSApp.Tests.csproj", "{18EBEE7D-FE5B-4BEF-AF75-07295DADEC55}"
EndProject
Global
	GlobalSection(SolutionConfigurationPlatforms) = preSolution
		Debug|Any CPU = Debug|Any CPU
		Release|Any CPU = Release|Any CPU
	EndGlobalSection
	GlobalSection(ProjectConfigurationPlatforms) = postSolution
		{121F8794-3183-4A64-950E-A51B5819E8A0}.Debug|Any CPU.ActiveCfg = Debug|Any CPU
		{121F8794-3183-4A64-950E-A51B5819E8A0}.Debug|Any CPU.Build.0 = Debug|Any CPU
		{121F8794-3183-4A64-950E-A51B5819E8A0}.Release|Any CPU.ActiveCfg = Release|Any CPU
		{121F8794-3183-4A64-950E-A51B5819E8A0}.Release|Any CPU.Build.0 = Release|Any CPU
		{70EC3800-1C7A-4D3D-9D40-3E098EC2A5A8}.Debug|Any CPU.ActiveCfg = Debug|Any CPU
		{70EC3800-1C7A-4D3D-9D40-3E098EC2A5A8}.Debug|Any CPU.Build.0 = Debug|Any CPU
		{70EC3800-1C7A-4D3D-9D40-3E098EC2A5A8}.Release|Any CPU.ActiveCfg = Release|Any CPU
		{70EC3800-1C7A-4D3D-9D40-3E098EC2A5A8}.Release|Any CPU.Build.0 = Release|Any CPU
		{18EBEE7D-FE5B-4BEF-AF75-07295DADEC55}.Debug|Any CPU.ActiveCfg = Debug|Any CPU
		{18EBEE7D-FE5B-4BEF-AF75-07295DADEC55}.Debug|Any CPU.Build.0 = Debug|Any CPU
		{18EBEE7D-FE5B-4BEF-AF75-07295DADEC55}.Release|Any CPU.ActiveCfg = Release|Any CPU
		{18EBEE7D-FE5B-4BEF-AF75-07295DADEC55}.Release|Any CPU.Build.0 = Release|Any CPU
	EndGlobalSection
	GlobalSection(SolutionProperties) = preSolution
		HideSolutionNode = FALSE
	EndGlobalSection
EndGlobal
